// !$*UTF8*$!
{
	archiveVersion = 1;
	classes = {
	};
	objectVersion = 50;
	objects = {

/* Begin PBXBuildFile section */
		0301A7A1213ED84F00B7C18A /* DDYEtherAddVC.m in Sources */ = {isa = PBXBuildFile; fileRef = 0301A7A0213ED84F00B7C18A /* DDYEtherAddVC.m */; };
		0301A7A4213ED90F00B7C18A /* DDYEtherListVC.m in Sources */ = {isa = PBXBuildFile; fileRef = 0301A7A3213ED90F00B7C18A /* DDYEtherListVC.m */; };
		0301A7A7213ED9F800B7C18A /* DDYEtherListCell.m in Sources */ = {isa = PBXBuildFile; fileRef = 0301A7A6213ED9F800B7C18A /* DDYEtherListCell.m */; };
		0301A7C2213EDC6F00B7C18A /* NSLayoutConstraint+MASDebugAdditions.m in Sources */ = {isa = PBXBuildFile; fileRef = 0301A7AA213EDC6E00B7C18A /* NSLayoutConstraint+MASDebugAdditions.m */; };
		0301A7C3213EDC6F00B7C18A /* ViewController+MASAdditions.m in Sources */ = {isa = PBXBuildFile; fileRef = 0301A7B3213EDC6E00B7C18A /* ViewController+MASAdditions.m */; };
		0301A7C4213EDC6F00B7C18A /* MASCompositeConstraint.m in Sources */ = {isa = PBXBuildFile; fileRef = 0301A7B7213EDC6E00B7C18A /* MASCompositeConstraint.m */; };
		0301A7C5213EDC6F00B7C18A /* MASConstraintMaker.m in Sources */ = {isa = PBXBuildFile; fileRef = 0301A7B8213EDC6E00B7C18A /* MASConstraintMaker.m */; };
		0301A7C6213EDC6F00B7C18A /* MASLayoutConstraint.m in Sources */ = {isa = PBXBuildFile; fileRef = 0301A7B9213EDC6E00B7C18A /* MASLayoutConstraint.m */; };
		0301A7C7213EDC6F00B7C18A /* NSArray+MASAdditions.m in Sources */ = {isa = PBXBuildFile; fileRef = 0301A7BA213EDC6E00B7C18A /* NSArray+MASAdditions.m */; };
		0301A7C8213EDC6F00B7C18A /* View+MASAdditions.m in Sources */ = {isa = PBXBuildFile; fileRef = 0301A7BB213EDC6E00B7C18A /* View+MASAdditions.m */; };
		0301A7C9213EDC6F00B7C18A /* MASConstraint.m in Sources */ = {isa = PBXBuildFile; fileRef = 0301A7BE213EDC6E00B7C18A /* MASConstraint.m */; };
		0301A7CA213EDC6F00B7C18A /* MASViewConstraint.m in Sources */ = {isa = PBXBuildFile; fileRef = 0301A7C0213EDC6E00B7C18A /* MASViewConstraint.m */; };
		0301A7CB213EDC6F00B7C18A /* MASViewAttribute.m in Sources */ = {isa = PBXBuildFile; fileRef = 0301A7C1213EDC6E00B7C18A /* MASViewAttribute.m */; };
		A4A0963C213E516900F807FD /* AppDelegate.m in Sources */ = {isa = PBXBuildFile; fileRef = A4A09635213E516900F807FD /* AppDelegate.m */; };
		A4A0963D213E516900F807FD /* LaunchScreen.storyboard in Resources */ = {isa = PBXBuildFile; fileRef = A4A09636213E516900F807FD /* LaunchScreen.storyboard */; };
		A4A0963E213E516900F807FD /* Info.plist in Resources */ = {isa = PBXBuildFile; fileRef = A4A09638213E516900F807FD /* Info.plist */; };
		A4A0963F213E516900F807FD /* main.m in Sources */ = {isa = PBXBuildFile; fileRef = A4A09639213E516900F807FD /* main.m */; };
		A4A09640213E516900F807FD /* ViewController.m in Sources */ = {isa = PBXBuildFile; fileRef = A4A0963B213E516900F807FD /* ViewController.m */; };
		A4A09742213E949100F807FD /* ethers.framework in Frameworks */ = {isa = PBXBuildFile; fileRef = A4A09741213E949100F807FD /* ethers.framework */; };
		A4A09748213E96C800F807FD /* DDYEtherModel.m in Sources */ = {isa = PBXBuildFile; fileRef = A4A09747213E96C800F807FD /* DDYEtherModel.m */; };
		A4A09784213F883200F807FD /* PAWebView+UIDelegate.m in Sources */ = {isa = PBXBuildFile; fileRef = A4A0974E213F883100F807FD /* PAWebView+UIDelegate.m */; };
		A4A09785213F883200F807FD /* PAWebView.m in Sources */ = {isa = PBXBuildFile; fileRef = A4A09750213F883100F807FD /* PAWebView.m */; };
		A4A09786213F883200F807FD /* NSObject+PARuntime.m in Sources */ = {isa = PBXBuildFile; fileRef = A4A09753213F883100F807FD /* NSObject+PARuntime.m */; };
		A4A09787213F883200F807FD /* WKWebView+PAWebCache.m in Sources */ = {isa = PBXBuildFile; fileRef = A4A09755213F883100F807FD /* WKWebView+PAWebCache.m */; };
		A4A09788213F883200F807FD /* WKWebView+PAWebCookie.m in Sources */ = {isa = PBXBuildFile; fileRef = A4A09757213F883100F807FD /* WKWebView+PAWebCookie.m */; };
		A4A09789213F883200F807FD /* PAPhotoBrowser.m in Sources */ = {isa = PBXBuildFile; fileRef = A4A0975B213F883100F807FD /* PAPhotoBrowser.m */; };
		A4A0978A213F883200F807FD /* PreviewVc.m in Sources */ = {isa = PBXBuildFile; fileRef = A4A0975E213F883100F807FD /* PreviewVc.m */; };
		A4A0978B213F883200F807FD /* TYSnapshot.m in Sources */ = {isa = PBXBuildFile; fileRef = A4A09760213F883100F807FD /* TYSnapshot.m */; };
		A4A0978C213F883200F807FD /* UIImage+TYSnapshot.m in Sources */ = {isa = PBXBuildFile; fileRef = A4A09762213F883100F807FD /* UIImage+TYSnapshot.m */; };
		A4A0978D213F883200F807FD /* UIScrollView+TYSnapshot.m in Sources */ = {isa = PBXBuildFile; fileRef = A4A09764213F883100F807FD /* UIScrollView+TYSnapshot.m */; };
		A4A0978E213F883200F807FD /* UITableView+TYSnapshot.m in Sources */ = {isa = PBXBuildFile; fileRef = A4A09766213F883100F807FD /* UITableView+TYSnapshot.m */; };
		A4A0978F213F883200F807FD /* WKWebView+TYSnapshot.m in Sources */ = {isa = PBXBuildFile; fileRef = A4A09768213F883100F807FD /* WKWebView+TYSnapshot.m */; };
		A4A09790213F883200F807FD /* NSURL+PATool.m in Sources */ = {isa = PBXBuildFile; fileRef = A4A0976B213F883100F807FD /* NSURL+PATool.m */; };
		A4A09791213F883200F807FD /* PAWebViewMenu.m in Sources */ = {isa = PBXBuildFile; fileRef = A4A0976D213F883100F807FD /* PAWebViewMenu.m */; };
		A4A09792213F883200F807FD /* registerURLSchemes.m in Sources */ = {isa = PBXBuildFile; fileRef = A4A0976F213F883100F807FD /* registerURLSchemes.m */; };
		A4A09793213F883200F807FD /* urlschemeModel.m in Sources */ = {isa = PBXBuildFile; fileRef = A4A09771213F883100F807FD /* urlschemeModel.m */; };
		A4A09794213F883200F807FD /* WKWebView+LongPress.m in Sources */ = {isa = PBXBuildFile; fileRef = A4A09773213F883100F807FD /* WKWebView+LongPress.m */; };
		A4A09795213F883200F807FD /* WKWebView+POST.m in Sources */ = {isa = PBXBuildFile; fileRef = A4A09775213F883100F807FD /* WKWebView+POST.m */; };
		A4A09796213F883200F807FD /* PAWebNavigationController.m in Sources */ = {isa = PBXBuildFile; fileRef = A4A09778213F883100F807FD /* PAWebNavigationController.m */; };
		A4A09797213F883200F807FD /* PAWKPanGestureRecognizer.m in Sources */ = {isa = PBXBuildFile; fileRef = A4A0977A213F883100F807FD /* PAWKPanGestureRecognizer.m */; };
		A4A09798213F883200F807FD /* navigationbar_more@2x.png in Resources */ = {isa = PBXBuildFile; fileRef = A4A0977C213F883100F807FD /* navigationbar_more@2x.png */; };
		A4A09799213F883200F807FD /* navigationbar_more@3x.png in Resources */ = {isa = PBXBuildFile; fileRef = A4A0977D213F883100F807FD /* navigationbar_more@3x.png */; };
		A4A0979A213F883200F807FD /* PAWebBack.png in Resources */ = {isa = PBXBuildFile; fileRef = A4A0977E213F883100F807FD /* PAWebBack.png */; };
		A4A0979B213F883200F807FD /* UIAlertController+WKWebAlert.m in Sources */ = {isa = PBXBuildFile; fileRef = A4A09780213F883100F807FD /* UIAlertController+WKWebAlert.m */; };
		A4A0979C213F883200F807FD /* WKBaseWebView.m in Sources */ = {isa = PBXBuildFile; fileRef = A4A09782213F883100F807FD /* WKBaseWebView.m */; };
		A4A0979D213F883200F807FD /* WKJSFunction.m in Sources */ = {isa = PBXBuildFile; fileRef = A4A09783213F883100F807FD /* WKJSFunction.m */; };
/* End PBXBuildFile section */

/* Begin PBXFileReference section */
		0301A79F213ED84F00B7C18A /* DDYEtherAddVC.h */ = {isa = PBXFileReference; lastKnownFileType = sourcecode.c.h; path = DDYEtherAddVC.h; sourceTree = "<group>"; };
		0301A7A0213ED84F00B7C18A /* DDYEtherAddVC.m */ = {isa = PBXFileReference; lastKnownFileType = sourcecode.c.objc; path = DDYEtherAddVC.m; sourceTree = "<group>"; };
		0301A7A2213ED90F00B7C18A /* DDYEtherListVC.h */ = {isa = PBXFileReference; lastKnownFileType = sourcecode.c.h; path = DDYEtherListVC.h; sourceTree = "<group>"; };
		0301A7A3213ED90F00B7C18A /* DDYEtherListVC.m */ = {isa = PBXFileReference; lastKnownFileType = sourcecode.c.objc; path = DDYEtherListVC.m; sourceTree = "<group>"; };
		0301A7A5213ED9F800B7C18A /* DDYEtherListCell.h */ = {isa = PBXFileReference; lastKnownFileType = sourcecode.c.h; path = DDYEtherListCell.h; sourceTree = "<group>"; };
		0301A7A6213ED9F800B7C18A /* DDYEtherListCell.m */ = {isa = PBXFileReference; lastKnownFileType = sourcecode.c.objc; path = DDYEtherListCell.m; sourceTree = "<group>"; };
		0301A7A9213EDC6E00B7C18A /* MASCompositeConstraint.h */ = {isa = PBXFileReference; fileEncoding = 4; lastKnownFileType = sourcecode.c.h; path = MASCompositeConstraint.h; sourceTree = "<group>"; };
		0301A7AA213EDC6E00B7C18A /* NSLayoutConstraint+MASDebugAdditions.m */ = {isa = PBXFileReference; fileEncoding = 4; lastKnownFileType = sourcecode.c.objc; path = "NSLayoutConstraint+MASDebugAdditions.m"; sourceTree = "<group>"; };
		0301A7AB213EDC6E00B7C18A /* MASConstraint+Private.h */ = {isa = PBXFileReference; fileEncoding = 4; lastKnownFileType = sourcecode.c.h; path = "MASConstraint+Private.h"; sourceTree = "<group>"; };
		0301A7AC213EDC6E00B7C18A /* MASLayoutConstraint.h */ = {isa = PBXFileReference; fileEncoding = 4; lastKnownFileType = sourcecode.c.h; path = MASLayoutConstraint.h; sourceTree = "<group>"; };
		0301A7AD213EDC6E00B7C18A /* NSArray+MASShorthandAdditions.h */ = {isa = PBXFileReference; fileEncoding = 4; lastKnownFileType = sourcecode.c.h; path = "NSArray+MASShorthandAdditions.h"; sourceTree = "<group>"; };
		0301A7AE213EDC6E00B7C18A /* MASConstraintMaker.h */ = {isa = PBXFileReference; fileEncoding = 4; lastKnownFileType = sourcecode.c.h; path = MASConstraintMaker.h; sourceTree = "<group>"; };
		0301A7AF213EDC6E00B7C18A /* View+MASAdditions.h */ = {isa = PBXFileReference; fileEncoding = 4; lastKnownFileType = sourcecode.c.h; path = "View+MASAdditions.h"; sourceTree = "<group>"; };
		0301A7B0213EDC6E00B7C18A /* NSArray+MASAdditions.h */ = {isa = PBXFileReference; fileEncoding = 4; lastKnownFileType = sourcecode.c.h; path = "NSArray+MASAdditions.h"; sourceTree = "<group>"; };
		0301A7B1213EDC6E00B7C18A /* MASUtilities.h */ = {isa = PBXFileReference; fileEncoding = 4; lastKnownFileType = sourcecode.c.h; path = MASUtilities.h; sourceTree = "<group>"; };
		0301A7B2213EDC6E00B7C18A /* MASViewAttribute.h */ = {isa = PBXFileReference; fileEncoding = 4; lastKnownFileType = sourcecode.c.h; path = MASViewAttribute.h; sourceTree = "<group>"; };
		0301A7B3213EDC6E00B7C18A /* ViewController+MASAdditions.m */ = {isa = PBXFileReference; fileEncoding = 4; lastKnownFileType = sourcecode.c.objc; path = "ViewController+MASAdditions.m"; sourceTree = "<group>"; };
		0301A7B4213EDC6E00B7C18A /* MASViewConstraint.h */ = {isa = PBXFileReference; fileEncoding = 4; lastKnownFileType = sourcecode.c.h; path = MASViewConstraint.h; sourceTree = "<group>"; };
		0301A7B5213EDC6E00B7C18A /* MASConstraint.h */ = {isa = PBXFileReference; fileEncoding = 4; lastKnownFileType = sourcecode.c.h; path = MASConstraint.h; sourceTree = "<group>"; };
		0301A7B6213EDC6E00B7C18A /* NSLayoutConstraint+MASDebugAdditions.h */ = {isa = PBXFileReference; fileEncoding = 4; lastKnownFileType = sourcecode.c.h; path = "NSLayoutConstraint+MASDebugAdditions.h"; sourceTree = "<group>"; };
		0301A7B7213EDC6E00B7C18A /* MASCompositeConstraint.m */ = {isa = PBXFileReference; fileEncoding = 4; lastKnownFileType = sourcecode.c.objc; path = MASCompositeConstraint.m; sourceTree = "<group>"; };
		0301A7B8213EDC6E00B7C18A /* MASConstraintMaker.m */ = {isa = PBXFileReference; fileEncoding = 4; lastKnownFileType = sourcecode.c.objc; path = MASConstraintMaker.m; sourceTree = "<group>"; };
		0301A7B9213EDC6E00B7C18A /* MASLayoutConstraint.m */ = {isa = PBXFileReference; fileEncoding = 4; lastKnownFileType = sourcecode.c.objc; path = MASLayoutConstraint.m; sourceTree = "<group>"; };
		0301A7BA213EDC6E00B7C18A /* NSArray+MASAdditions.m */ = {isa = PBXFileReference; fileEncoding = 4; lastKnownFileType = sourcecode.c.objc; path = "NSArray+MASAdditions.m"; sourceTree = "<group>"; };
		0301A7BB213EDC6E00B7C18A /* View+MASAdditions.m */ = {isa = PBXFileReference; fileEncoding = 4; lastKnownFileType = sourcecode.c.objc; path = "View+MASAdditions.m"; sourceTree = "<group>"; };
		0301A7BC213EDC6E00B7C18A /* View+MASShorthandAdditions.h */ = {isa = PBXFileReference; fileEncoding = 4; lastKnownFileType = sourcecode.c.h; path = "View+MASShorthandAdditions.h"; sourceTree = "<group>"; };
		0301A7BD213EDC6E00B7C18A /* Masonry.h */ = {isa = PBXFileReference; fileEncoding = 4; lastKnownFileType = sourcecode.c.h; path = Masonry.h; sourceTree = "<group>"; };
		0301A7BE213EDC6E00B7C18A /* MASConstraint.m */ = {isa = PBXFileReference; fileEncoding = 4; lastKnownFileType = sourcecode.c.objc; path = MASConstraint.m; sourceTree = "<group>"; };
		0301A7BF213EDC6E00B7C18A /* ViewController+MASAdditions.h */ = {isa = PBXFileReference; fileEncoding = 4; lastKnownFileType = sourcecode.c.h; path = "ViewController+MASAdditions.h"; sourceTree = "<group>"; };
		0301A7C0213EDC6E00B7C18A /* MASViewConstraint.m */ = {isa = PBXFileReference; fileEncoding = 4; lastKnownFileType = sourcecode.c.objc; path = MASViewConstraint.m; sourceTree = "<group>"; };
		0301A7C1213EDC6E00B7C18A /* MASViewAttribute.m */ = {isa = PBXFileReference; fileEncoding = 4; lastKnownFileType = sourcecode.c.objc; path = MASViewAttribute.m; sourceTree = "<group>"; };
		A4A0961C213E49C400F807FD /* DDYEthereum.app */ = {isa = PBXFileReference; explicitFileType = wrapper.application; includeInIndex = 0; path = DDYEthereum.app; sourceTree = BUILT_PRODUCTS_DIR; };
		A4A09634213E516900F807FD /* AppDelegate.h */ = {isa = PBXFileReference; fileEncoding = 4; lastKnownFileType = sourcecode.c.h; path = AppDelegate.h; sourceTree = "<group>"; };
		A4A09635213E516900F807FD /* AppDelegate.m */ = {isa = PBXFileReference; fileEncoding = 4; lastKnownFileType = sourcecode.c.objc; path = AppDelegate.m; sourceTree = "<group>"; };
		A4A09637213E516900F807FD /* Base */ = {isa = PBXFileReference; lastKnownFileType = file.storyboard; name = Base; path = Base.lproj/LaunchScreen.storyboard; sourceTree = "<group>"; };
		A4A09638213E516900F807FD /* Info.plist */ = {isa = PBXFileReference; fileEncoding = 4; lastKnownFileType = text.plist.xml; path = Info.plist; sourceTree = "<group>"; };
		A4A09639213E516900F807FD /* main.m */ = {isa = PBXFileReference; fileEncoding = 4; lastKnownFileType = sourcecode.c.objc; path = main.m; sourceTree = "<group>"; };
		A4A0963A213E516900F807FD /* ViewController.h */ = {isa = PBXFileReference; fileEncoding = 4; lastKnownFileType = sourcecode.c.h; path = ViewController.h; sourceTree = "<group>"; };
		A4A0963B213E516900F807FD /* ViewController.m */ = {isa = PBXFileReference; fileEncoding = 4; lastKnownFileType = sourcecode.c.objc; path = ViewController.m; sourceTree = "<group>"; };
		A4A09741213E949100F807FD /* ethers.framework */ = {isa = PBXFileReference; lastKnownFileType = wrapper.framework; path = ethers.framework; sourceTree = "<group>"; };
		A4A09746213E96C800F807FD /* DDYEtherModel.h */ = {isa = PBXFileReference; lastKnownFileType = sourcecode.c.h; path = DDYEtherModel.h; sourceTree = "<group>"; };
		A4A09747213E96C800F807FD /* DDYEtherModel.m */ = {isa = PBXFileReference; lastKnownFileType = sourcecode.c.objc; path = DDYEtherModel.m; sourceTree = "<group>"; };
		A4A0974D213F883100F807FD /* PAWebView+UIDelegate.h */ = {isa = PBXFileReference; fileEncoding = 4; lastKnownFileType = sourcecode.c.h; path = "PAWebView+UIDelegate.h"; sourceTree = "<group>"; };
		A4A0974E213F883100F807FD /* PAWebView+UIDelegate.m */ = {isa = PBXFileReference; fileEncoding = 4; lastKnownFileType = sourcecode.c.objc; path = "PAWebView+UIDelegate.m"; sourceTree = "<group>"; };
		A4A0974F213F883100F807FD /* PAWebView.h */ = {isa = PBXFileReference; fileEncoding = 4; lastKnownFileType = sourcecode.c.h; path = PAWebView.h; sourceTree = "<group>"; };
		A4A09750213F883100F807FD /* PAWebView.m */ = {isa = PBXFileReference; fileEncoding = 4; lastKnownFileType = sourcecode.c.objc; path = PAWebView.m; sourceTree = "<group>"; };
		A4A09752213F883100F807FD /* NSObject+PARuntime.h */ = {isa = PBXFileReference; fileEncoding = 4; lastKnownFileType = sourcecode.c.h; path = "NSObject+PARuntime.h"; sourceTree = "<group>"; };
		A4A09753213F883100F807FD /* NSObject+PARuntime.m */ = {isa = PBXFileReference; fileEncoding = 4; lastKnownFileType = sourcecode.c.objc; path = "NSObject+PARuntime.m"; sourceTree = "<group>"; };
		A4A09754213F883100F807FD /* WKWebView+PAWebCache.h */ = {isa = PBXFileReference; fileEncoding = 4; lastKnownFileType = sourcecode.c.h; path = "WKWebView+PAWebCache.h"; sourceTree = "<group>"; };
		A4A09755213F883100F807FD /* WKWebView+PAWebCache.m */ = {isa = PBXFileReference; fileEncoding = 4; lastKnownFileType = sourcecode.c.objc; path = "WKWebView+PAWebCache.m"; sourceTree = "<group>"; };
		A4A09756213F883100F807FD /* WKWebView+PAWebCookie.h */ = {isa = PBXFileReference; fileEncoding = 4; lastKnownFileType = sourcecode.c.h; path = "WKWebView+PAWebCookie.h"; sourceTree = "<group>"; };
		A4A09757213F883100F807FD /* WKWebView+PAWebCookie.m */ = {isa = PBXFileReference; fileEncoding = 4; lastKnownFileType = sourcecode.c.objc; path = "WKWebView+PAWebCookie.m"; sourceTree = "<group>"; };
		A4A0975A213F883100F807FD /* PAPhotoBrowser.h */ = {isa = PBXFileReference; fileEncoding = 4; lastKnownFileType = sourcecode.c.h; path = PAPhotoBrowser.h; sourceTree = "<group>"; };
		A4A0975B213F883100F807FD /* PAPhotoBrowser.m */ = {isa = PBXFileReference; fileEncoding = 4; lastKnownFileType = sourcecode.c.objc; path = PAPhotoBrowser.m; sourceTree = "<group>"; };
		A4A0975D213F883100F807FD /* PreviewVc.h */ = {isa = PBXFileReference; fileEncoding = 4; lastKnownFileType = sourcecode.c.h; path = PreviewVc.h; sourceTree = "<group>"; };
		A4A0975E213F883100F807FD /* PreviewVc.m */ = {isa = PBXFileReference; fileEncoding = 4; lastKnownFileType = sourcecode.c.objc; path = PreviewVc.m; sourceTree = "<group>"; };
		A4A0975F213F883100F807FD /* TYSnapshot.h */ = {isa = PBXFileReference; fileEncoding = 4; lastKnownFileType = sourcecode.c.h; path = TYSnapshot.h; sourceTree = "<group>"; };
		A4A09760213F883100F807FD /* TYSnapshot.m */ = {isa = PBXFileReference; fileEncoding = 4; lastKnownFileType = sourcecode.c.objc; path = TYSnapshot.m; sourceTree = "<group>"; };
		A4A09761213F883100F807FD /* UIImage+TYSnapshot.h */ = {isa = PBXFileReference; fileEncoding = 4; lastKnownFileType = sourcecode.c.h; path = "UIImage+TYSnapshot.h"; sourceTree = "<group>"; };
		A4A09762213F883100F807FD /* UIImage+TYSnapshot.m */ = {isa = PBXFileReference; fileEncoding = 4; lastKnownFileType = sourcecode.c.objc; path = "UIImage+TYSnapshot.m"; sourceTree = "<group>"; };
		A4A09763213F883100F807FD /* UIScrollView+TYSnapshot.h */ = {isa = PBXFileReference; fileEncoding = 4; lastKnownFileType = sourcecode.c.h; path = "UIScrollView+TYSnapshot.h"; sourceTree = "<group>"; };
		A4A09764213F883100F807FD /* UIScrollView+TYSnapshot.m */ = {isa = PBXFileReference; fileEncoding = 4; lastKnownFileType = sourcecode.c.objc; path = "UIScrollView+TYSnapshot.m"; sourceTree = "<group>"; };
		A4A09765213F883100F807FD /* UITableView+TYSnapshot.h */ = {isa = PBXFileReference; fileEncoding = 4; lastKnownFileType = sourcecode.c.h; path = "UITableView+TYSnapshot.h"; sourceTree = "<group>"; };
		A4A09766213F883100F807FD /* UITableView+TYSnapshot.m */ = {isa = PBXFileReference; fileEncoding = 4; lastKnownFileType = sourcecode.c.objc; path = "UITableView+TYSnapshot.m"; sourceTree = "<group>"; };
		A4A09767213F883100F807FD /* WKWebView+TYSnapshot.h */ = {isa = PBXFileReference; fileEncoding = 4; lastKnownFileType = sourcecode.c.h; path = "WKWebView+TYSnapshot.h"; sourceTree = "<group>"; };
		A4A09768213F883100F807FD /* WKWebView+TYSnapshot.m */ = {isa = PBXFileReference; fileEncoding = 4; lastKnownFileType = sourcecode.c.objc; path = "WKWebView+TYSnapshot.m"; sourceTree = "<group>"; };
		A4A0976A213F883100F807FD /* NSURL+PATool.h */ = {isa = PBXFileReference; fileEncoding = 4; lastKnownFileType = sourcecode.c.h; path = "NSURL+PATool.h"; sourceTree = "<group>"; };
		A4A0976B213F883100F807FD /* NSURL+PATool.m */ = {isa = PBXFileReference; fileEncoding = 4; lastKnownFileType = sourcecode.c.objc; path = "NSURL+PATool.m"; sourceTree = "<group>"; };
		A4A0976C213F883100F807FD /* PAWebViewMenu.h */ = {isa = PBXFileReference; fileEncoding = 4; lastKnownFileType = sourcecode.c.h; path = PAWebViewMenu.h; sourceTree = "<group>"; };
		A4A0976D213F883100F807FD /* PAWebViewMenu.m */ = {isa = PBXFileReference; fileEncoding = 4; lastKnownFileType = sourcecode.c.objc; path = PAWebViewMenu.m; sourceTree = "<group>"; };
		A4A0976E213F883100F807FD /* registerURLSchemes.h */ = {isa = PBXFileReference; fileEncoding = 4; lastKnownFileType = sourcecode.c.h; path = registerURLSchemes.h; sourceTree = "<group>"; };
		A4A0976F213F883100F807FD /* registerURLSchemes.m */ = {isa = PBXFileReference; fileEncoding = 4; lastKnownFileType = sourcecode.c.objc; path = registerURLSchemes.m; sourceTree = "<group>"; };
		A4A09770213F883100F807FD /* urlschemeModel.h */ = {isa = PBXFileReference; fileEncoding = 4; lastKnownFileType = sourcecode.c.h; path = urlschemeModel.h; sourceTree = "<group>"; };
		A4A09771213F883100F807FD /* urlschemeModel.m */ = {isa = PBXFileReference; fileEncoding = 4; lastKnownFileType = sourcecode.c.objc; path = urlschemeModel.m; sourceTree = "<group>"; };
		A4A09772213F883100F807FD /* WKWebView+LongPress.h */ = {isa = PBXFileReference; fileEncoding = 4; lastKnownFileType = sourcecode.c.h; path = "WKWebView+LongPress.h"; sourceTree = "<group>"; };
		A4A09773213F883100F807FD /* WKWebView+LongPress.m */ = {isa = PBXFileReference; fileEncoding = 4; lastKnownFileType = sourcecode.c.objc; path = "WKWebView+LongPress.m"; sourceTree = "<group>"; };
		A4A09774213F883100F807FD /* WKWebView+POST.h */ = {isa = PBXFileReference; fileEncoding = 4; lastKnownFileType = sourcecode.c.h; path = "WKWebView+POST.h"; sourceTree = "<group>"; };
		A4A09775213F883100F807FD /* WKWebView+POST.m */ = {isa = PBXFileReference; fileEncoding = 4; lastKnownFileType = sourcecode.c.objc; path = "WKWebView+POST.m"; sourceTree = "<group>"; };
		A4A09777213F883100F807FD /* PAWebNavigationController.h */ = {isa = PBXFileReference; fileEncoding = 4; lastKnownFileType = sourcecode.c.h; path = PAWebNavigationController.h; sourceTree = "<group>"; };
		A4A09778213F883100F807FD /* PAWebNavigationController.m */ = {isa = PBXFileReference; fileEncoding = 4; lastKnownFileType = sourcecode.c.objc; path = PAWebNavigationController.m; sourceTree = "<group>"; };
		A4A09779213F883100F807FD /* PAWKPanGestureRecognizer.h */ = {isa = PBXFileReference; fileEncoding = 4; lastKnownFileType = sourcecode.c.h; path = PAWKPanGestureRecognizer.h; sourceTree = "<group>"; };
		A4A0977A213F883100F807FD /* PAWKPanGestureRecognizer.m */ = {isa = PBXFileReference; fileEncoding = 4; lastKnownFileType = sourcecode.c.objc; path = PAWKPanGestureRecognizer.m; sourceTree = "<group>"; };
		A4A0977C213F883100F807FD /* navigationbar_more@2x.png */ = {isa = PBXFileReference; lastKnownFileType = image.png; path = "navigationbar_more@2x.png"; sourceTree = "<group>"; };
		A4A0977D213F883100F807FD /* navigationbar_more@3x.png */ = {isa = PBXFileReference; lastKnownFileType = image.png; path = "navigationbar_more@3x.png"; sourceTree = "<group>"; };
		A4A0977E213F883100F807FD /* PAWebBack.png */ = {isa = PBXFileReference; lastKnownFileType = image.png; path = PAWebBack.png; sourceTree = "<group>"; };
		A4A0977F213F883100F807FD /* UIAlertController+WKWebAlert.h */ = {isa = PBXFileReference; fileEncoding = 4; lastKnownFileType = sourcecode.c.h; path = "UIAlertController+WKWebAlert.h"; sourceTree = "<group>"; };
		A4A09780213F883100F807FD /* UIAlertController+WKWebAlert.m */ = {isa = PBXFileReference; fileEncoding = 4; lastKnownFileType = sourcecode.c.objc; path = "UIAlertController+WKWebAlert.m"; sourceTree = "<group>"; };
		A4A09781213F883100F807FD /* WKBaseWebView.h */ = {isa = PBXFileReference; fileEncoding = 4; lastKnownFileType = sourcecode.c.h; path = WKBaseWebView.h; sourceTree = "<group>"; };
		A4A09782213F883100F807FD /* WKBaseWebView.m */ = {isa = PBXFileReference; fileEncoding = 4; lastKnownFileType = sourcecode.c.objc; path = WKBaseWebView.m; sourceTree = "<group>"; };
		A4A09783213F883100F807FD /* WKJSFunction.m */ = {isa = PBXFileReference; fileEncoding = 4; lastKnownFileType = sourcecode.c.objc; path = WKJSFunction.m; sourceTree = "<group>"; };
/* End PBXFileReference section */

/* Begin PBXFrameworksBuildPhase section */
		A4A09619213E49C400F807FD /* Frameworks */ = {
			isa = PBXFrameworksBuildPhase;
			buildActionMask = 2147483647;
			files = (
				A4A09742213E949100F807FD /* ethers.framework in Frameworks */,
			);
			runOnlyForDeploymentPostprocessing = 0;
		};
/* End PBXFrameworksBuildPhase section */

/* Begin PBXGroup section */
		0301A7A8213EDC6E00B7C18A /* Masonry */ = {
			isa = PBXGroup;
			children = (
				0301A7A9213EDC6E00B7C18A /* MASCompositeConstraint.h */,
				0301A7AA213EDC6E00B7C18A /* NSLayoutConstraint+MASDebugAdditions.m */,
				0301A7AB213EDC6E00B7C18A /* MASConstraint+Private.h */,
				0301A7AC213EDC6E00B7C18A /* MASLayoutConstraint.h */,
				0301A7AD213EDC6E00B7C18A /* NSArray+MASShorthandAdditions.h */,
				0301A7AE213EDC6E00B7C18A /* MASConstraintMaker.h */,
				0301A7AF213EDC6E00B7C18A /* View+MASAdditions.h */,
				0301A7B0213EDC6E00B7C18A /* NSArray+MASAdditions.h */,
				0301A7B1213EDC6E00B7C18A /* MASUtilities.h */,
				0301A7B2213EDC6E00B7C18A /* MASViewAttribute.h */,
				0301A7B3213EDC6E00B7C18A /* ViewController+MASAdditions.m */,
				0301A7B4213EDC6E00B7C18A /* MASViewConstraint.h */,
				0301A7B5213EDC6E00B7C18A /* MASConstraint.h */,
				0301A7B6213EDC6E00B7C18A /* NSLayoutConstraint+MASDebugAdditions.h */,
				0301A7B7213EDC6E00B7C18A /* MASCompositeConstraint.m */,
				0301A7B8213EDC6E00B7C18A /* MASConstraintMaker.m */,
				0301A7B9213EDC6E00B7C18A /* MASLayoutConstraint.m */,
				0301A7BA213EDC6E00B7C18A /* NSArray+MASAdditions.m */,
				0301A7BB213EDC6E00B7C18A /* View+MASAdditions.m */,
				0301A7BC213EDC6E00B7C18A /* View+MASShorthandAdditions.h */,
				0301A7BD213EDC6E00B7C18A /* Masonry.h */,
				0301A7BE213EDC6E00B7C18A /* MASConstraint.m */,
				0301A7BF213EDC6E00B7C18A /* ViewController+MASAdditions.h */,
				0301A7C0213EDC6E00B7C18A /* MASViewConstraint.m */,
				0301A7C1213EDC6E00B7C18A /* MASViewAttribute.m */,
			);
			path = Masonry;
			sourceTree = "<group>";
		};
		A4A09613213E49C400F807FD = {
			isa = PBXGroup;
			children = (
				A4A0961E213E49C400F807FD /* DDYEthereum */,
				A4A0961D213E49C400F807FD /* Products */,
				A4A0973B213E90F900F807FD /* Frameworks */,
			);
			sourceTree = "<group>";
		};
		A4A0961D213E49C400F807FD /* Products */ = {
			isa = PBXGroup;
			children = (
				A4A0961C213E49C400F807FD /* DDYEthereum.app */,
			);
			name = Products;
			sourceTree = "<group>";
		};
		A4A0961E213E49C400F807FD /* DDYEthereum */ = {
			isa = PBXGroup;
			children = (
				A4A0974C213F883100F807FD /* PAWebView */,
				0301A7A8213EDC6E00B7C18A /* Masonry */,
				A4A09641213E524900F807FD /* DDYEther */,
				A4A09633213E516900F807FD /* System */,
			);
			path = DDYEthereum;
			sourceTree = "<group>";
		};
		A4A09633213E516900F807FD /* System */ = {
			isa = PBXGroup;
			children = (
				A4A09634213E516900F807FD /* AppDelegate.h */,
				A4A09635213E516900F807FD /* AppDelegate.m */,
				A4A09636213E516900F807FD /* LaunchScreen.storyboard */,
				A4A09638213E516900F807FD /* Info.plist */,
				A4A09639213E516900F807FD /* main.m */,
				A4A0963A213E516900F807FD /* ViewController.h */,
				A4A0963B213E516900F807FD /* ViewController.m */,
			);
			path = System;
			sourceTree = "<group>";
		};
		A4A09641213E524900F807FD /* DDYEther */ = {
			isa = PBXGroup;
			children = (
				A4A09746213E96C800F807FD /* DDYEtherModel.h */,
				A4A09747213E96C800F807FD /* DDYEtherModel.m */,
				0301A79F213ED84F00B7C18A /* DDYEtherAddVC.h */,
				0301A7A0213ED84F00B7C18A /* DDYEtherAddVC.m */,
				0301A7A2213ED90F00B7C18A /* DDYEtherListVC.h */,
				0301A7A3213ED90F00B7C18A /* DDYEtherListVC.m */,
				0301A7A5213ED9F800B7C18A /* DDYEtherListCell.h */,
				0301A7A6213ED9F800B7C18A /* DDYEtherListCell.m */,
			);
			path = DDYEther;
			sourceTree = "<group>";
		};
		A4A0973B213E90F900F807FD /* Frameworks */ = {
			isa = PBXGroup;
			children = (
				A4A09741213E949100F807FD /* ethers.framework */,
			);
			name = Frameworks;
			sourceTree = "<group>";
		};
		A4A0974C213F883100F807FD /* PAWebView */ = {
			isa = PBXGroup;
			children = (
				A4A0974D213F883100F807FD /* PAWebView+UIDelegate.h */,
				A4A0974E213F883100F807FD /* PAWebView+UIDelegate.m */,
				A4A0974F213F883100F807FD /* PAWebView.h */,
				A4A09750213F883100F807FD /* PAWebView.m */,
				A4A09751213F883100F807FD /* PAWebViewCache */,
				A4A09758213F883100F807FD /* PAWebViewExtern */,
				A4A09769213F883100F807FD /* PAWebViewTool */,
				A4A09776213F883100F807FD /* PAWKNative */,
				A4A09783213F883100F807FD /* WKJSFunction.m */,
			);
			path = PAWebView;
			sourceTree = "<group>";
		};
		A4A09751213F883100F807FD /* PAWebViewCache */ = {
			isa = PBXGroup;
			children = (
				A4A09752213F883100F807FD /* NSObject+PARuntime.h */,
				A4A09753213F883100F807FD /* NSObject+PARuntime.m */,
				A4A09754213F883100F807FD /* WKWebView+PAWebCache.h */,
				A4A09755213F883100F807FD /* WKWebView+PAWebCache.m */,
				A4A09756213F883100F807FD /* WKWebView+PAWebCookie.h */,
				A4A09757213F883100F807FD /* WKWebView+PAWebCookie.m */,
			);
			path = PAWebViewCache;
			sourceTree = "<group>";
		};
		A4A09758213F883100F807FD /* PAWebViewExtern */ = {
			isa = PBXGroup;
			children = (
				A4A09759213F883100F807FD /* PAPhotoBrowser */,
				A4A0975C213F883100F807FD /* TYSnapshot */,
			);
			path = PAWebViewExtern;
			sourceTree = "<group>";
		};
		A4A09759213F883100F807FD /* PAPhotoBrowser */ = {
			isa = PBXGroup;
			children = (
				A4A0975A213F883100F807FD /* PAPhotoBrowser.h */,
				A4A0975B213F883100F807FD /* PAPhotoBrowser.m */,
			);
			path = PAPhotoBrowser;
			sourceTree = "<group>";
		};
		A4A0975C213F883100F807FD /* TYSnapshot */ = {
			isa = PBXGroup;
			children = (
				A4A0975D213F883100F807FD /* PreviewVc.h */,
				A4A0975E213F883100F807FD /* PreviewVc.m */,
				A4A0975F213F883100F807FD /* TYSnapshot.h */,
				A4A09760213F883100F807FD /* TYSnapshot.m */,
				A4A09761213F883100F807FD /* UIImage+TYSnapshot.h */,
				A4A09762213F883100F807FD /* UIImage+TYSnapshot.m */,
				A4A09763213F883100F807FD /* UIScrollView+TYSnapshot.h */,
				A4A09764213F883100F807FD /* UIScrollView+TYSnapshot.m */,
				A4A09765213F883100F807FD /* UITableView+TYSnapshot.h */,
				A4A09766213F883100F807FD /* UITableView+TYSnapshot.m */,
				A4A09767213F883100F807FD /* WKWebView+TYSnapshot.h */,
				A4A09768213F883100F807FD /* WKWebView+TYSnapshot.m */,
			);
			path = TYSnapshot;
			sourceTree = "<group>";
		};
		A4A09769213F883100F807FD /* PAWebViewTool */ = {
			isa = PBXGroup;
			children = (
				A4A0976A213F883100F807FD /* NSURL+PATool.h */,
				A4A0976B213F883100F807FD /* NSURL+PATool.m */,
				A4A0976C213F883100F807FD /* PAWebViewMenu.h */,
				A4A0976D213F883100F807FD /* PAWebViewMenu.m */,
				A4A0976E213F883100F807FD /* registerURLSchemes.h */,
				A4A0976F213F883100F807FD /* registerURLSchemes.m */,
				A4A09770213F883100F807FD /* urlschemeModel.h */,
				A4A09771213F883100F807FD /* urlschemeModel.m */,
				A4A09772213F883100F807FD /* WKWebView+LongPress.h */,
				A4A09773213F883100F807FD /* WKWebView+LongPress.m */,
				A4A09774213F883100F807FD /* WKWebView+POST.h */,
				A4A09775213F883100F807FD /* WKWebView+POST.m */,
			);
			path = PAWebViewTool;
			sourceTree = "<group>";
		};
		A4A09776213F883100F807FD /* PAWKNative */ = {
			isa = PBXGroup;
			children = (
				A4A09777213F883100F807FD /* PAWebNavigationController.h */,
				A4A09778213F883100F807FD /* PAWebNavigationController.m */,
				A4A09779213F883100F807FD /* PAWKPanGestureRecognizer.h */,
				A4A0977A213F883100F807FD /* PAWKPanGestureRecognizer.m */,
				A4A0977B213F883100F807FD /* views */,
				A4A09781213F883100F807FD /* WKBaseWebView.h */,
				A4A09782213F883100F807FD /* WKBaseWebView.m */,
			);
			path = PAWKNative;
			sourceTree = "<group>";
		};
		A4A0977B213F883100F807FD /* views */ = {
			isa = PBXGroup;
			children = (
				A4A0977C213F883100F807FD /* navigationbar_more@2x.png */,
				A4A0977D213F883100F807FD /* navigationbar_more@3x.png */,
				A4A0977E213F883100F807FD /* PAWebBack.png */,
				A4A0977F213F883100F807FD /* UIAlertController+WKWebAlert.h */,
				A4A09780213F883100F807FD /* UIAlertController+WKWebAlert.m */,
			);
			path = views;
			sourceTree = "<group>";
		};
/* End PBXGroup section */

/* Begin PBXNativeTarget section */
		A4A0961B213E49C400F807FD /* DDYEthereum */ = {
			isa = PBXNativeTarget;
			buildConfigurationList = A4A0962F213E49E800F807FD /* Build configuration list for PBXNativeTarget "DDYEthereum" */;
			buildPhases = (
				A4A09618213E49C400F807FD /* Sources */,
				A4A09619213E49C400F807FD /* Frameworks */,
				A4A0961A213E49C400F807FD /* Resources */,
			);
			buildRules = (
			);
			dependencies = (
			);
			name = DDYEthereum;
			productName = DDYEthereum;
			productReference = A4A0961C213E49C400F807FD /* DDYEthereum.app */;
			productType = "com.apple.product-type.application";
		};
/* End PBXNativeTarget section */

/* Begin PBXProject section */
		A4A09614213E49C400F807FD /* Project object */ = {
			isa = PBXProject;
			attributes = {
				LastUpgradeCheck = 0930;
				ORGANIZATIONNAME = com.smartmesh;
				TargetAttributes = {
					A4A0961B213E49C400F807FD = {
						CreatedOnToolsVersion = 9.3;
					};
				};
			};
			buildConfigurationList = A4A09617213E49C400F807FD /* Build configuration list for PBXProject "DDYEthereum" */;
			compatibilityVersion = "Xcode 9.3";
			developmentRegion = en;
			hasScannedForEncodings = 0;
			knownRegions = (
				en,
				Base,
			);
			mainGroup = A4A09613213E49C400F807FD;
			productRefGroup = A4A0961D213E49C400F807FD /* Products */;
			projectDirPath = "";
			projectRoot = "";
			targets = (
				A4A0961B213E49C400F807FD /* DDYEthereum */,
			);
		};
/* End PBXProject section */

/* Begin PBXResourcesBuildPhase section */
		A4A0961A213E49C400F807FD /* Resources */ = {
			isa = PBXResourcesBuildPhase;
			buildActionMask = 2147483647;
			files = (
				A4A0979A213F883200F807FD /* PAWebBack.png in Resources */,
				A4A0963E213E516900F807FD /* Info.plist in Resources */,
				A4A09798213F883200F807FD /* navigationbar_more@2x.png in Resources */,
				A4A09799213F883200F807FD /* navigationbar_more@3x.png in Resources */,
				A4A0963D213E516900F807FD /* LaunchScreen.storyboard in Resources */,
			);
			runOnlyForDeploymentPostprocessing = 0;
		};
/* End PBXResourcesBuildPhase section */

/* Begin PBXSourcesBuildPhase section */
		A4A09618213E49C400F807FD /* Sources */ = {
			isa = PBXSourcesBuildPhase;
			buildActionMask = 2147483647;
			files = (
				A4A0979C213F883200F807FD /* WKBaseWebView.m in Sources */,
				0301A7C9213EDC6F00B7C18A /* MASConstraint.m in Sources */,
				0301A7C7213EDC6F00B7C18A /* NSArray+MASAdditions.m in Sources */,
				A4A09789213F883200F807FD /* PAPhotoBrowser.m in Sources */,
				A4A09794213F883200F807FD /* WKWebView+LongPress.m in Sources */,
				A4A0978A213F883200F807FD /* PreviewVc.m in Sources */,
				A4A09748213E96C800F807FD /* DDYEtherModel.m in Sources */,
				0301A7C2213EDC6F00B7C18A /* NSLayoutConstraint+MASDebugAdditions.m in Sources */,
				A4A09797213F883200F807FD /* PAWKPanGestureRecognizer.m in Sources */,
				A4A0979D213F883200F807FD /* WKJSFunction.m in Sources */,
				0301A7CB213EDC6F00B7C18A /* MASViewAttribute.m in Sources */,
				0301A7A7213ED9F800B7C18A /* DDYEtherListCell.m in Sources */,
				A4A09791213F883200F807FD /* PAWebViewMenu.m in Sources */,
				A4A09786213F883200F807FD /* NSObject+PARuntime.m in Sources */,
				0301A7CA213EDC6F00B7C18A /* MASViewConstraint.m in Sources */,
				A4A09640213E516900F807FD /* ViewController.m in Sources */,
				A4A0978C213F883200F807FD /* UIImage+TYSnapshot.m in Sources */,
				0301A7C5213EDC6F00B7C18A /* MASConstraintMaker.m in Sources */,
				0301A7C6213EDC6F00B7C18A /* MASLayoutConstraint.m in Sources */,
				A4A09788213F883200F807FD /* WKWebView+PAWebCookie.m in Sources */,
				A4A0979B213F883200F807FD /* UIAlertController+WKWebAlert.m in Sources */,
				A4A09796213F883200F807FD /* PAWebNavigationController.m in Sources */,
				A4A09787213F883200F807FD /* WKWebView+PAWebCache.m in Sources */,
				A4A0978E213F883200F807FD /* UITableView+TYSnapshot.m in Sources */,
				0301A7C8213EDC6F00B7C18A /* View+MASAdditions.m in Sources */,
				0301A7C4213EDC6F00B7C18A /* MASCompositeConstraint.m in Sources */,
				A4A0978B213F883200F807FD /* TYSnapshot.m in Sources */,
				A4A09793213F883200F807FD /* urlschemeModel.m in Sources */,
				A4A0978D213F883200F807FD /* UIScrollView+TYSnapshot.m in Sources */,
				A4A0963F213E516900F807FD /* main.m in Sources */,
				A4A09784213F883200F807FD /* PAWebView+UIDelegate.m in Sources */,
				A4A09795213F883200F807FD /* WKWebView+POST.m in Sources */,
				A4A0978F213F883200F807FD /* WKWebView+TYSnapshot.m in Sources */,
				A4A09790213F883200F807FD /* NSURL+PATool.m in Sources */,
				0301A7C3213EDC6F00B7C18A /* ViewController+MASAdditions.m in Sources */,
				A4A09792213F883200F807FD /* registerURLSchemes.m in Sources */,
				A4A09785213F883200F807FD /* PAWebView.m in Sources */,
				A4A0963C213E516900F807FD /* AppDelegate.m in Sources */,
				0301A7A4213ED90F00B7C18A /* DDYEtherListVC.m in Sources */,
				0301A7A1213ED84F00B7C18A /* DDYEtherAddVC.m in Sources */,
			);
			runOnlyForDeploymentPostprocessing = 0;
		};
/* End PBXSourcesBuildPhase section */

/* Begin PBXVariantGroup section */
		A4A09636213E516900F807FD /* LaunchScreen.storyboard */ = {
			isa = PBXVariantGroup;
			children = (
				A4A09637213E516900F807FD /* Base */,
			);
			name = LaunchScreen.storyboard;
			sourceTree = "<group>";
		};
/* End PBXVariantGroup section */

/* Begin XCBuildConfiguration section */
		A4A0962D213E49E800F807FD /* Debug */ = {
			isa = XCBuildConfiguration;
			buildSettings = {
				ALWAYS_SEARCH_USER_PATHS = NO;
				CLANG_ANALYZER_NONNULL = YES;
				CLANG_ANALYZER_NUMBER_OBJECT_CONVERSION = YES_AGGRESSIVE;
				CLANG_CXX_LANGUAGE_STANDARD = "gnu++14";
				CLANG_CXX_LIBRARY = "libc++";
				CLANG_ENABLE_MODULES = YES;
				CLANG_ENABLE_OBJC_ARC = YES;
				CLANG_ENABLE_OBJC_WEAK = YES;
				CLANG_WARN_BLOCK_CAPTURE_AUTORELEASING = YES;
				CLANG_WARN_BOOL_CONVERSION = YES;
				CLANG_WARN_COMMA = YES;
				CLANG_WARN_CONSTANT_CONVERSION = YES;
				CLANG_WARN_DEPRECATED_OBJC_IMPLEMENTATIONS = YES;
				CLANG_WARN_DIRECT_OBJC_ISA_USAGE = YES_ERROR;
				CLANG_WARN_DOCUMENTATION_COMMENTS = YES;
				CLANG_WARN_EMPTY_BODY = YES;
				CLANG_WARN_ENUM_CONVERSION = YES;
				CLANG_WARN_INFINITE_RECURSION = YES;
				CLANG_WARN_INT_CONVERSION = YES;
				CLANG_WARN_NON_LITERAL_NULL_CONVERSION = YES;
				CLANG_WARN_OBJC_IMPLICIT_RETAIN_SELF = YES;
				CLANG_WARN_OBJC_LITERAL_CONVERSION = YES;
				CLANG_WARN_OBJC_ROOT_CLASS = YES_ERROR;
				CLANG_WARN_RANGE_LOOP_ANALYSIS = YES;
				CLANG_WARN_STRICT_PROTOTYPES = YES;
				CLANG_WARN_SUSPICIOUS_MOVE = YES;
				CLANG_WARN_UNGUARDED_AVAILABILITY = YES_AGGRESSIVE;
				CLANG_WARN_UNREACHABLE_CODE = YES;
				CLANG_WARN__DUPLICATE_METHOD_MATCH = YES;
				CODE_SIGN_IDENTITY = "iPhone Developer";
				COPY_PHASE_STRIP = NO;
				DEBUG_INFORMATION_FORMAT = dwarf;
				ENABLE_STRICT_OBJC_MSGSEND = YES;
				ENABLE_TESTABILITY = YES;
				GCC_C_LANGUAGE_STANDARD = gnu11;
				GCC_DYNAMIC_NO_PIC = NO;
				GCC_NO_COMMON_BLOCKS = YES;
				GCC_OPTIMIZATION_LEVEL = 0;
				GCC_PREPROCESSOR_DEFINITIONS = (
					"DEBUG=1",
					"$(inherited)",
				);
				GCC_WARN_64_TO_32_BIT_CONVERSION = YES;
				GCC_WARN_ABOUT_RETURN_TYPE = YES_ERROR;
				GCC_WARN_UNDECLARED_SELECTOR = YES;
				GCC_WARN_UNINITIALIZED_AUTOS = YES_AGGRESSIVE;
				GCC_WARN_UNUSED_FUNCTION = YES;
				GCC_WARN_UNUSED_VARIABLE = YES;
				IPHONEOS_DEPLOYMENT_TARGET = 11.3;
				MTL_ENABLE_DEBUG_INFO = YES;
				ONLY_ACTIVE_ARCH = YES;
				SDKROOT = iphoneos;
			};
			name = Debug;
		};
		A4A0962E213E49E800F807FD /* Release */ = {
			isa = XCBuildConfiguration;
			buildSettings = {
				ALWAYS_SEARCH_USER_PATHS = NO;
				CLANG_ANALYZER_NONNULL = YES;
				CLANG_ANALYZER_NUMBER_OBJECT_CONVERSION = YES_AGGRESSIVE;
				CLANG_CXX_LANGUAGE_STANDARD = "gnu++14";
				CLANG_CXX_LIBRARY = "libc++";
				CLANG_ENABLE_MODULES = YES;
				CLANG_ENABLE_OBJC_ARC = YES;
				CLANG_ENABLE_OBJC_WEAK = YES;
				CLANG_WARN_BLOCK_CAPTURE_AUTORELEASING = YES;
				CLANG_WARN_BOOL_CONVERSION = YES;
				CLANG_WARN_COMMA = YES;
				CLANG_WARN_CONSTANT_CONVERSION = YES;
				CLANG_WARN_DEPRECATED_OBJC_IMPLEMENTATIONS = YES;
				CLANG_WARN_DIRECT_OBJC_ISA_USAGE = YES_ERROR;
				CLANG_WARN_DOCUMENTATION_COMMENTS = YES;
				CLANG_WARN_EMPTY_BODY = YES;
				CLANG_WARN_ENUM_CONVERSION = YES;
				CLANG_WARN_INFINITE_RECURSION = YES;
				CLANG_WARN_INT_CONVERSION = YES;
				CLANG_WARN_NON_LITERAL_NULL_CONVERSION = YES;
				CLANG_WARN_OBJC_IMPLICIT_RETAIN_SELF = YES;
				CLANG_WARN_OBJC_LITERAL_CONVERSION = YES;
				CLANG_WARN_OBJC_ROOT_CLASS = YES_ERROR;
				CLANG_WARN_RANGE_LOOP_ANALYSIS = YES;
				CLANG_WARN_STRICT_PROTOTYPES = YES;
				CLANG_WARN_SUSPICIOUS_MOVE = YES;
				CLANG_WARN_UNGUARDED_AVAILABILITY = YES_AGGRESSIVE;
				CLANG_WARN_UNREACHABLE_CODE = YES;
				CLANG_WARN__DUPLICATE_METHOD_MATCH = YES;
				CODE_SIGN_IDENTITY = "iPhone Developer";
				COPY_PHASE_STRIP = NO;
				DEBUG_INFORMATION_FORMAT = "dwarf-with-dsym";
				ENABLE_NS_ASSERTIONS = NO;
				ENABLE_STRICT_OBJC_MSGSEND = YES;
				GCC_C_LANGUAGE_STANDARD = gnu11;
				GCC_NO_COMMON_BLOCKS = YES;
				GCC_WARN_64_TO_32_BIT_CONVERSION = YES;
				GCC_WARN_ABOUT_RETURN_TYPE = YES_ERROR;
				GCC_WARN_UNDECLARED_SELECTOR = YES;
				GCC_WARN_UNINITIALIZED_AUTOS = YES_AGGRESSIVE;
				GCC_WARN_UNUSED_FUNCTION = YES;
				GCC_WARN_UNUSED_VARIABLE = YES;
				IPHONEOS_DEPLOYMENT_TARGET = 11.3;
				MTL_ENABLE_DEBUG_INFO = NO;
				SDKROOT = iphoneos;
				VALIDATE_PRODUCT = YES;
			};
			name = Release;
		};
		A4A09630213E49E800F807FD /* Debug */ = {
			isa = XCBuildConfiguration;
			buildSettings = {
				CODE_SIGN_STYLE = Automatic;
				DEVELOPMENT_TEAM = 23JJ7VRKJT;
				FRAMEWORK_SEARCH_PATHS = (
					"$(inherited)",
					"$(PROJECT_DIR)",
					"$(PROJECT_DIR)/DDYFramework",
				);
				HEADER_SEARCH_PATHS = "";
				INFOPLIST_FILE = "$(SRCROOT)/DDYEthereum/System/Info.plist";
				IPHONEOS_DEPLOYMENT_TARGET = 8.0;
				LD_RUNPATH_SEARCH_PATHS = (
					"$(inherited)",
					"@executable_path/Frameworks",
				);
				PRODUCT_BUNDLE_IDENTIFIER = com.smartmesh.smartRaiden;
				PRODUCT_NAME = "$(TARGET_NAME)";
				TARGETED_DEVICE_FAMILY = "1,2";
			};
			name = Debug;
		};
		A4A09631213E49E800F807FD /* Release */ = {
			isa = XCBuildConfiguration;
			buildSettings = {
				CODE_SIGN_STYLE = Automatic;
				DEVELOPMENT_TEAM = 23JJ7VRKJT;
				FRAMEWORK_SEARCH_PATHS = (
					"$(inherited)",
					"$(PROJECT_DIR)",
					"$(PROJECT_DIR)/DDYFramework",
				);
				HEADER_SEARCH_PATHS = "";
				INFOPLIST_FILE = "$(SRCROOT)/DDYEthereum/System/Info.plist";
				IPHONEOS_DEPLOYMENT_TARGET = 8.0;
				LD_RUNPATH_SEARCH_PATHS = (
					"$(inherited)",
					"@executable_path/Frameworks",
				);
				PRODUCT_BUNDLE_IDENTIFIER = com.smartmesh.smartRaiden;
				PRODUCT_NAME = "$(TARGET_NAME)";
				TARGETED_DEVICE_FAMILY = "1,2";
			};
			name = Release;
		};
/* End XCBuildConfiguration section */

/* Begin XCConfigurationList section */
		A4A09617213E49C400F807FD /* Build configuration list for PBXProject "DDYEthereum" */ = {
			isa = XCConfigurationList;
			buildConfigurations = (
				A4A0962D213E49E800F807FD /* Debug */,
				A4A0962E213E49E800F807FD /* Release */,
			);
			defaultConfigurationIsVisible = 0;
			defaultConfigurationName = Release;
		};
		A4A0962F213E49E800F807FD /* Build configuration list for PBXNativeTarget "DDYEthereum" */ = {
			isa = XCConfigurationList;
			buildConfigurations = (
				A4A09630213E49E800F807FD /* Debug */,
				A4A09631213E49E800F807FD /* Release */,
			);
			defaultConfigurationIsVisible = 0;
			defaultConfigurationName = Release;
		};
/* End XCConfigurationList section */
	};
	rootObject = A4A09614213E49C400F807FD /* Project object */;
}
